
Microsoft Visual Studio Solution File, Format Version 12.00
# Visual Studio Version 17
VisualStudioVersion = 17.14.36616.10 d17.14
MinimumVisualStudioVersion = 10.0.40219.1
Project("{FAE04EC0-301F-11D3-BF4B-00C04F79EFBC}") = "RestMusic.Api", "RestMusic.Api\RestMusic.Api.csproj", "{FCFCB856-5A60-4A26-BE24-BDDD162C45A8}"
EndProject
Project("{FAE04EC0-301F-11D3-BF4B-00C04F79EFBC}") = "RestMusic.Domain", "RestMusic.Domain\RestMusic.Domain.csproj", "{07B7E33D-CC35-4527-BE09-A2E4555FED55}"
EndProject
Global
	GlobalSection(SolutionConfigurationPlatforms) = preSolution
		Debug|Any CPU = Debug|Any CPU
		Release|Any CPU = Release|Any CPU
	EndGlobalSection
	GlobalSection(ProjectConfigurationPlatforms) = postSolution
		{FCFCB856-5A60-4A26-BE24-BDDD162C45A8}.Debug|Any CPU.ActiveCfg = Debug|Any CPU
		{FCFCB856-5A60-4A26-BE24-BDDD162C45A8}.Debug|Any CPU.Build.0 = Debug|Any CPU
		{FCFCB856-5A60-4A26-BE24-BDDD162C45A8}.Release|Any CPU.ActiveCfg = Release|Any CPU
		{FCFCB856-5A60-4A26-BE24-BDDD162C45A8}.Release|Any CPU.Build.0 = Release|Any CPU
		{07B7E33D-CC35-4527-BE09-A2E4555FED55}.Debug|Any CPU.ActiveCfg = Debug|Any CPU
		{07B7E33D-CC35-4527-BE09-A2E4555FED55}.Debug|Any CPU.Build.0 = Debug|Any CPU
		{07B7E33D-CC35-4527-BE09-A2E4555FED55}.Release|Any CPU.ActiveCfg = Release|Any CPU
		{07B7E33D-CC35-4527-BE09-A2E4555FED55}.Release|Any CPU.Build.0 = Release|Any CPU
	EndGlobalSection
	GlobalSection(SolutionProperties) = preSolution
		HideSolutionNode = FALSE
	EndGlobalSection
	GlobalSection(ExtensibilityGlobals) = postSolution
		SolutionGuid = {0268DB1B-BD52-4AD4-8C3E-9518D9ED26A5}
	EndGlobalSection
EndGlobal
